
Microsoft Visual Studio Solution File, Format Version 12.00
# Visual Studio 15
VisualStudioVersion = 15.0.28307.757
MinimumVisualStudioVersion = 10.0.40219.1
Project("{FAE04EC0-301F-11D3-BF4B-00C04F79EFBC}") = "Mastermind", "Mastermind\Mastermind.csproj", "{88DD99DE-54A2-4A2B-8F6B-5426E9BA43EF}"
EndProject
Global
	GlobalSection(SolutionConfigurationPlatforms) = preSolution
		Debug|Any CPU = Debug|Any CPU
		Release|Any CPU = Release|Any CPU
	EndGlobalSection
	GlobalSection(ProjectConfigurationPlatforms) = postSolution
		{88DD99DE-54A2-4A2B-8F6B-5426E9BA43EF}.Debug|Any CPU.ActiveCfg = Debug|Any CPU
		{88DD99DE-54A2-4A2B-8F6B-5426E9BA43EF}.Debug|Any CPU.Build.0 = Debug|Any CPU
		{88DD99DE-54A2-4A2B-8F6B-5426E9BA43EF}.Release|Any CPU.ActiveCfg = Release|Any CPU
		{88DD99DE-54A2-4A2B-8F6B-5426E9BA43EF}.Release|Any CPU.Build.0 = Release|Any CPU
	EndGlobalSection
	GlobalSection(SolutionProperties) = preSolution
		HideSolutionNode = FALSE
	EndGlobalSection
	GlobalSection(ExtensibilityGlobals) = postSolution
		SolutionGuid = {C0C8E710-A748-4168-8A68-3152D78A6B65}
	EndGlobalSection
EndGlobal
